
Microsoft Visual Studio Solution File, Format Version 12.00
# Visual Studio 15
VisualStudioVersion = 15.0.28307.757
MinimumVisualStudioVersion = 10.0.40219.1
Project("{FAE04EC0-301F-11D3-BF4B-00C04F79EFBC}") = "Override", "Override\Override.csproj", "{2F38F7D0-DCD1-4DCB-A3D8-11E48DA1F5D3}"
EndProject
Project("{FAE04EC0-301F-11D3-BF4B-00C04F79EFBC}") = "Abstract", "Abstract\Abstract.csproj", "{210E3B46-AB98-4AFE-B7AA-2AB7B3E8E1D5}"
EndProject
Project("{FAE04EC0-301F-11D3-BF4B-00C04F79EFBC}") = "LiskovSubstitution", "LiskovSubstitution\LiskovSubstitution.csproj", "{7E9CF6DE-8EFA-42E0-B9DC-43905EA18B5A}"
EndProject
Project("{2150E333-8FDC-42A3-9474-1A3956D46DE8}") = "2.Override", "2.Override", "{E692CAD1-80A2-49F5-8011-C196C4498D64}"
EndProject
Project("{2150E333-8FDC-42A3-9474-1A3956D46DE8}") = "4.BaseMember", "4.BaseMember", "{AD6A7B4B-0F1A-4C44-96DC-8AC063FEC07D}"
EndProject
Project("{FAE04EC0-301F-11D3-BF4B-00C04F79EFBC}") = "BaseMember", "BaseMember\BaseMember.csproj", "{D0A2F877-4650-4E08-9F41-C96B296DA4E9}"
EndProject
Project("{2150E333-8FDC-42A3-9474-1A3956D46DE8}") = "5.HideBaseMember", "5.HideBaseMember", "{D7114005-EE4D-412D-AB31-388B9050D895}"
EndProject
Project("{2150E333-8FDC-42A3-9474-1A3956D46DE8}") = "6.OverrideProperty", "6.OverrideProperty", "{EB88B318-706A-45AC-B057-214180D33130}"
EndProject
Project("{2150E333-8FDC-42A3-9474-1A3956D46DE8}") = "8.Abstract", "8.Abstract", "{DE961708-94B8-443F-A04A-7B952127FF62}"
EndProject
Project("{2150E333-8FDC-42A3-9474-1A3956D46DE8}") = "9.LiskovSubstitution", "9.LiskovSubstitution", "{889AE54D-2072-4F42-AC94-F7C1077242DC}"
EndProject
Project("{FAE04EC0-301F-11D3-BF4B-00C04F79EFBC}") = "HideBaseMember", "HideBaseMember\HideBaseMember.csproj", "{89FD9C06-392A-4EF0-B1C1-6D76D43E3711}"
EndProject
Project("{FAE04EC0-301F-11D3-BF4B-00C04F79EFBC}") = "OverrideProperty", "OverrideProperty\OverrideProperty.csproj", "{76909C18-86B1-4156-9728-FD46656134EB}"
EndProject
Project("{2150E333-8FDC-42A3-9474-1A3956D46DE8}") = "1.Virtual", "1.Virtual", "{4BC35CDE-C48A-47D1-9B1E-54DE08C731BC}"
EndProject
Project("{2150E333-8FDC-42A3-9474-1A3956D46DE8}") = "3.OverrideInMultiLevel", "3.OverrideInMultiLevel", "{23647132-7B39-46A0-B722-BAA2C8418476}"
EndProject
Project("{2150E333-8FDC-42A3-9474-1A3956D46DE8}") = "7.VirtualWithoutImplement", "7.VirtualWithoutImplement", "{5A2E6385-904A-4453-A30A-CBC5280C3FFF}"
EndProject
Project("{FAE04EC0-301F-11D3-BF4B-00C04F79EFBC}") = "Virtual", "Virtual\Virtual.csproj", "{E588E41D-5EA5-4E35-BCCB-56BC700ED473}"
EndProject
Project("{FAE04EC0-301F-11D3-BF4B-00C04F79EFBC}") = "OverrideInMultiLevel", "OverrideInMultiLevel\OverrideInMultiLevel.csproj", "{09A35636-AF3B-4B5C-A86E-6D9716A6701D}"
EndProject
Project("{FAE04EC0-301F-11D3-BF4B-00C04F79EFBC}") = "VirtualWithoutImplement", "VirtualWithoutImplement\VirtualWithoutImplement.csproj", "{DA9B31A1-A03C-46F2-8127-8698D526FC07}"
EndProject
Global
	GlobalSection(SolutionConfigurationPlatforms) = preSolution
		Debug|Any CPU = Debug|Any CPU
		Release|Any CPU = Release|Any CPU
	EndGlobalSection
	GlobalSection(ProjectConfigurationPlatforms) = postSolution
		{2F38F7D0-DCD1-4DCB-A3D8-11E48DA1F5D3}.Debug|Any CPU.ActiveCfg = Debug|Any CPU
		{2F38F7D0-DCD1-4DCB-A3D8-11E48DA1F5D3}.Debug|Any CPU.Build.0 = Debug|Any CPU
		{2F38F7D0-DCD1-4DCB-A3D8-11E48DA1F5D3}.Release|Any CPU.ActiveCfg = Release|Any CPU
		{2F38F7D0-DCD1-4DCB-A3D8-11E48DA1F5D3}.Release|Any CPU.Build.0 = Release|Any CPU
		{210E3B46-AB98-4AFE-B7AA-2AB7B3E8E1D5}.Debug|Any CPU.ActiveCfg = Debug|Any CPU
		{210E3B46-AB98-4AFE-B7AA-2AB7B3E8E1D5}.Debug|Any CPU.Build.0 = Debug|Any CPU
		{210E3B46-AB98-4AFE-B7AA-2AB7B3E8E1D5}.Release|Any CPU.ActiveCfg = Release|Any CPU
		{210E3B46-AB98-4AFE-B7AA-2AB7B3E8E1D5}.Release|Any CPU.Build.0 = Release|Any CPU
		{7E9CF6DE-8EFA-42E0-B9DC-43905EA18B5A}.Debug|Any CPU.ActiveCfg = Debug|Any CPU
		{7E9CF6DE-8EFA-42E0-B9DC-43905EA18B5A}.Debug|Any CPU.Build.0 = Debug|Any CPU
		{7E9CF6DE-8EFA-42E0-B9DC-43905EA18B5A}.Release|Any CPU.ActiveCfg = Release|Any CPU
		{7E9CF6DE-8EFA-42E0-B9DC-43905EA18B5A}.Release|Any CPU.Build.0 = Release|Any CPU
		{D0A2F877-4650-4E08-9F41-C96B296DA4E9}.Debug|Any CPU.ActiveCfg = Debug|Any CPU
		{D0A2F877-4650-4E08-9F41-C96B296DA4E9}.Debug|Any CPU.Build.0 = Debug|Any CPU
		{D0A2F877-4650-4E08-9F41-C96B296DA4E9}.Release|Any CPU.ActiveCfg = Release|Any CPU
		{D0A2F877-4650-4E08-9F41-C96B296DA4E9}.Release|Any CPU.Build.0 = Release|Any CPU
		{89FD9C06-392A-4EF0-B1C1-6D76D43E3711}.Debug|Any CPU.ActiveCfg = Debug|Any CPU
		{89FD9C06-392A-4EF0-B1C1-6D76D43E3711}.Debug|Any CPU.Build.0 = Debug|Any CPU
		{89FD9C06-392A-4EF0-B1C1-6D76D43E3711}.Release|Any CPU.ActiveCfg = Release|Any CPU
		{89FD9C06-392A-4EF0-B1C1-6D76D43E3711}.Release|Any CPU.Build.0 = Release|Any CPU
		{76909C18-86B1-4156-9728-FD46656134EB}.Debug|Any CPU.ActiveCfg = Debug|Any CPU
		{76909C18-86B1-4156-9728-FD46656134EB}.Debug|Any CPU.Build.0 = Debug|Any CPU
		{76909C18-86B1-4156-9728-FD46656134EB}.Release|Any CPU.ActiveCfg = Release|Any CPU
		{76909C18-86B1-4156-9728-FD46656134EB}.Release|Any CPU.Build.0 = Release|Any CPU
		{E588E41D-5EA5-4E35-BCCB-56BC700ED473}.Debug|Any CPU.ActiveCfg = Debug|Any CPU
		{E588E41D-5EA5-4E35-BCCB-56BC700ED473}.Debug|Any CPU.Build.0 = Debug|Any CPU
		{E588E41D-5EA5-4E35-BCCB-56BC700ED473}.Release|Any CPU.ActiveCfg = Release|Any CPU
		{E588E41D-5EA5-4E35-BCCB-56BC700ED473}.Release|Any CPU.Build.0 = Release|Any CPU
		{09A35636-AF3B-4B5C-A86E-6D9716A6701D}.Debug|Any CPU.ActiveCfg = Debug|Any CPU
		{09A35636-AF3B-4B5C-A86E-6D9716A6701D}.Debug|Any CPU.Build.0 = Debug|Any CPU
		{09A35636-AF3B-4B5C-A86E-6D9716A6701D}.Release|Any CPU.ActiveCfg = Release|Any CPU
		{09A35636-AF3B-4B5C-A86E-6D9716A6701D}.Release|Any CPU.Build.0 = Release|Any CPU
		{DA9B31A1-A03C-46F2-8127-8698D526FC07}.Debug|Any CPU.ActiveCfg = Debug|Any CPU
		{DA9B31A1-A03C-46F2-8127-8698D526FC07}.Debug|Any CPU.Build.0 = Debug|Any CPU
		{DA9B31A1-A03C-46F2-8127-8698D526FC07}.Release|Any CPU.ActiveCfg = Release|Any CPU
		{DA9B31A1-A03C-46F2-8127-8698D526FC07}.Release|Any CPU.Build.0 = Release|Any CPU
	EndGlobalSection
	GlobalSection(SolutionProperties) = preSolution
		HideSolutionNode = FALSE
	EndGlobalSection
	GlobalSection(NestedProjects) = preSolution
		{2F38F7D0-DCD1-4DCB-A3D8-11E48DA1F5D3} = {E692CAD1-80A2-49F5-8011-C196C4498D64}
		{210E3B46-AB98-4AFE-B7AA-2AB7B3E8E1D5} = {DE961708-94B8-443F-A04A-7B952127FF62}
		{7E9CF6DE-8EFA-42E0-B9DC-43905EA18B5A} = {889AE54D-2072-4F42-AC94-F7C1077242DC}
		{D0A2F877-4650-4E08-9F41-C96B296DA4E9} = {AD6A7B4B-0F1A-4C44-96DC-8AC063FEC07D}
		{89FD9C06-392A-4EF0-B1C1-6D76D43E3711} = {D7114005-EE4D-412D-AB31-388B9050D895}
		{76909C18-86B1-4156-9728-FD46656134EB} = {EB88B318-706A-45AC-B057-214180D33130}
		{E588E41D-5EA5-4E35-BCCB-56BC700ED473} = {4BC35CDE-C48A-47D1-9B1E-54DE08C731BC}
		{09A35636-AF3B-4B5C-A86E-6D9716A6701D} = {23647132-7B39-46A0-B722-BAA2C8418476}
		{DA9B31A1-A03C-46F2-8127-8698D526FC07} = {5A2E6385-904A-4453-A30A-CBC5280C3FFF}
	EndGlobalSection
	GlobalSection(ExtensibilityGlobals) = postSolution
		SolutionGuid = {28D4C328-7504-4B47-8E7F-7CD4D697B7BF}
	EndGlobalSection
EndGlobal
