
Microsoft Visual Studio Solution File, Format Version 12.00
# Visual Studio 15
VisualStudioVersion = 15.0.28307.757
MinimumVisualStudioVersion = 10.0.40219.1
Project("{FAE04EC0-301F-11D3-BF4B-00C04F79EFBC}") = "WindowsForm", "WindowsForm\WindowsForm.csproj", "{D843E245-E576-413B-A36F-A31985BFC6C3}"
EndProject
Project("{FAE04EC0-301F-11D3-BF4B-00C04F79EFBC}") = "ApplicationAndForm", "ApplicationAndForm\ApplicationAndForm.csproj", "{0949CF1A-D996-402A-9593-BDDFDC527D10}"
EndProject
Project("{FAE04EC0-301F-11D3-BF4B-00C04F79EFBC}") = "FormEvent", "FormEvent\FormEvent.csproj", "{54BC4775-7908-4639-95FA-7863FA10BFE8}"
EndProject
Project("{FAE04EC0-301F-11D3-BF4B-00C04F79EFBC}") = "PassValue", "PassValue\PassValue.csproj", "{E8E17A3D-8416-4C08-A89A-4553ACC42C28}"
EndProject
Project("{2150E333-8FDC-42A3-9474-1A3956D46DE8}") = "1.WindowsForm", "1.WindowsForm", "{3D128FCD-FA60-4173-B01B-E57DB95B6648}"
EndProject
Project("{2150E333-8FDC-42A3-9474-1A3956D46DE8}") = "4.FormEvent", "4.FormEvent", "{A0579DED-EB13-4D39-A467-62DAB21F9E9E}"
EndProject
Project("{2150E333-8FDC-42A3-9474-1A3956D46DE8}") = "3.ApplicationAndForm", "3.ApplicationAndForm", "{6F1A6A9E-C222-46B2-84E3-A3A0DC23E46A}"
EndProject
Project("{2150E333-8FDC-42A3-9474-1A3956D46DE8}") = "5.PassValue", "5.PassValue", "{1881B8E9-5761-41A6-AA95-92BB521962FA}"
EndProject
Project("{2150E333-8FDC-42A3-9474-1A3956D46DE8}") = "2.MessageBox", "2.MessageBox", "{926F97FA-6205-43F8-9513-CF54BC36AFA0}"
EndProject
Project("{FAE04EC0-301F-11D3-BF4B-00C04F79EFBC}") = "2.MessageBox", "MessageBox\2.MessageBox.csproj", "{EA9BB669-02FE-4E2C-8022-F79D3246EB4D}"
EndProject
Global
	GlobalSection(SolutionConfigurationPlatforms) = preSolution
		Debug|Any CPU = Debug|Any CPU
		Release|Any CPU = Release|Any CPU
	EndGlobalSection
	GlobalSection(ProjectConfigurationPlatforms) = postSolution
		{D843E245-E576-413B-A36F-A31985BFC6C3}.Debug|Any CPU.ActiveCfg = Debug|Any CPU
		{D843E245-E576-413B-A36F-A31985BFC6C3}.Debug|Any CPU.Build.0 = Debug|Any CPU
		{D843E245-E576-413B-A36F-A31985BFC6C3}.Release|Any CPU.ActiveCfg = Release|Any CPU
		{D843E245-E576-413B-A36F-A31985BFC6C3}.Release|Any CPU.Build.0 = Release|Any CPU
		{0949CF1A-D996-402A-9593-BDDFDC527D10}.Debug|Any CPU.ActiveCfg = Debug|Any CPU
		{0949CF1A-D996-402A-9593-BDDFDC527D10}.Debug|Any CPU.Build.0 = Debug|Any CPU
		{0949CF1A-D996-402A-9593-BDDFDC527D10}.Release|Any CPU.ActiveCfg = Release|Any CPU
		{0949CF1A-D996-402A-9593-BDDFDC527D10}.Release|Any CPU.Build.0 = Release|Any CPU
		{54BC4775-7908-4639-95FA-7863FA10BFE8}.Debug|Any CPU.ActiveCfg = Debug|Any CPU
		{54BC4775-7908-4639-95FA-7863FA10BFE8}.Debug|Any CPU.Build.0 = Debug|Any CPU
		{54BC4775-7908-4639-95FA-7863FA10BFE8}.Release|Any CPU.ActiveCfg = Release|Any CPU
		{54BC4775-7908-4639-95FA-7863FA10BFE8}.Release|Any CPU.Build.0 = Release|Any CPU
		{E8E17A3D-8416-4C08-A89A-4553ACC42C28}.Debug|Any CPU.ActiveCfg = Debug|Any CPU
		{E8E17A3D-8416-4C08-A89A-4553ACC42C28}.Debug|Any CPU.Build.0 = Debug|Any CPU
		{E8E17A3D-8416-4C08-A89A-4553ACC42C28}.Release|Any CPU.ActiveCfg = Release|Any CPU
		{E8E17A3D-8416-4C08-A89A-4553ACC42C28}.Release|Any CPU.Build.0 = Release|Any CPU
		{EA9BB669-02FE-4E2C-8022-F79D3246EB4D}.Debug|Any CPU.ActiveCfg = Debug|Any CPU
		{EA9BB669-02FE-4E2C-8022-F79D3246EB4D}.Debug|Any CPU.Build.0 = Debug|Any CPU
		{EA9BB669-02FE-4E2C-8022-F79D3246EB4D}.Release|Any CPU.ActiveCfg = Release|Any CPU
		{EA9BB669-02FE-4E2C-8022-F79D3246EB4D}.Release|Any CPU.Build.0 = Release|Any CPU
	EndGlobalSection
	GlobalSection(SolutionProperties) = preSolution
		HideSolutionNode = FALSE
	EndGlobalSection
	GlobalSection(NestedProjects) = preSolution
		{D843E245-E576-413B-A36F-A31985BFC6C3} = {3D128FCD-FA60-4173-B01B-E57DB95B6648}
		{0949CF1A-D996-402A-9593-BDDFDC527D10} = {6F1A6A9E-C222-46B2-84E3-A3A0DC23E46A}
		{54BC4775-7908-4639-95FA-7863FA10BFE8} = {A0579DED-EB13-4D39-A467-62DAB21F9E9E}
		{E8E17A3D-8416-4C08-A89A-4553ACC42C28} = {1881B8E9-5761-41A6-AA95-92BB521962FA}
		{EA9BB669-02FE-4E2C-8022-F79D3246EB4D} = {926F97FA-6205-43F8-9513-CF54BC36AFA0}
	EndGlobalSection
	GlobalSection(ExtensibilityGlobals) = postSolution
		SolutionGuid = {236EA81E-7BFE-46D0-85DF-B8B2A32B8C48}
	EndGlobalSection
EndGlobal
