
Microsoft Visual Studio Solution File, Format Version 12.00
# Visual Studio 15
VisualStudioVersion = 15.0.28307.757
MinimumVisualStudioVersion = 10.0.40219.1
Project("{FAE04EC0-301F-11D3-BF4B-00C04F79EFBC}") = "WindowsForm", "WindowsForm\WindowsForm.csproj", "{D843E245-E576-413B-A36F-A31985BFC6C3}"
EndProject
Project("{FAE04EC0-301F-11D3-BF4B-00C04F79EFBC}") = "ApplicationAndForm", "ApplicationAndForm\ApplicationAndForm.csproj", "{0949CF1A-D996-402A-9593-BDDFDC527D10}"
EndProject
Project("{FAE04EC0-301F-11D3-BF4B-00C04F79EFBC}") = "FormEvent", "FormEvent\FormEvent.csproj", "{54BC4775-7908-4639-95FA-7863FA10BFE8}"
EndProject
Project("{FAE04EC0-301F-11D3-BF4B-00C04F79EFBC}") = "PassValue", "PassValue\PassValue.csproj", "{E8E17A3D-8416-4C08-A89A-4553ACC42C28}"
EndProject
Global
	GlobalSection(SolutionConfigurationPlatforms) = preSolution
		Debug|Any CPU = Debug|Any CPU
		Release|Any CPU = Release|Any CPU
	EndGlobalSection
	GlobalSection(ProjectConfigurationPlatforms) = postSolution
		{D843E245-E576-413B-A36F-A31985BFC6C3}.Debug|Any CPU.ActiveCfg = Debug|Any CPU
		{D843E245-E576-413B-A36F-A31985BFC6C3}.Debug|Any CPU.Build.0 = Debug|Any CPU
		{D843E245-E576-413B-A36F-A31985BFC6C3}.Release|Any CPU.ActiveCfg = Release|Any CPU
		{D843E245-E576-413B-A36F-A31985BFC6C3}.Release|Any CPU.Build.0 = Release|Any CPU
		{0949CF1A-D996-402A-9593-BDDFDC527D10}.Debug|Any CPU.ActiveCfg = Debug|Any CPU
		{0949CF1A-D996-402A-9593-BDDFDC527D10}.Debug|Any CPU.Build.0 = Debug|Any CPU
		{0949CF1A-D996-402A-9593-BDDFDC527D10}.Release|Any CPU.ActiveCfg = Release|Any CPU
		{0949CF1A-D996-402A-9593-BDDFDC527D10}.Release|Any CPU.Build.0 = Release|Any CPU
		{54BC4775-7908-4639-95FA-7863FA10BFE8}.Debug|Any CPU.ActiveCfg = Debug|Any CPU
		{54BC4775-7908-4639-95FA-7863FA10BFE8}.Debug|Any CPU.Build.0 = Debug|Any CPU
		{54BC4775-7908-4639-95FA-7863FA10BFE8}.Release|Any CPU.ActiveCfg = Release|Any CPU
		{54BC4775-7908-4639-95FA-7863FA10BFE8}.Release|Any CPU.Build.0 = Release|Any CPU
		{E8E17A3D-8416-4C08-A89A-4553ACC42C28}.Debug|Any CPU.ActiveCfg = Debug|Any CPU
		{E8E17A3D-8416-4C08-A89A-4553ACC42C28}.Debug|Any CPU.Build.0 = Debug|Any CPU
		{E8E17A3D-8416-4C08-A89A-4553ACC42C28}.Release|Any CPU.ActiveCfg = Release|Any CPU
		{E8E17A3D-8416-4C08-A89A-4553ACC42C28}.Release|Any CPU.Build.0 = Release|Any CPU
	EndGlobalSection
	GlobalSection(SolutionProperties) = preSolution
		HideSolutionNode = FALSE
	EndGlobalSection
	GlobalSection(ExtensibilityGlobals) = postSolution
		SolutionGuid = {236EA81E-7BFE-46D0-85DF-B8B2A32B8C48}
	EndGlobalSection
EndGlobal
