
Microsoft Visual Studio Solution File, Format Version 12.00
# Visual Studio 15
VisualStudioVersion = 15.0.28307.757
MinimumVisualStudioVersion = 10.0.40219.1
Project("{FAE04EC0-301F-11D3-BF4B-00C04F79EFBC}") = "ConsoleInputOutput", "ConsoleInputOutput\ConsoleInputOutput.csproj", "{31951EBD-5F78-4B39-A08B-843995F518C3}"
EndProject
Global
	GlobalSection(SolutionConfigurationPlatforms) = preSolution
		Debug|Any CPU = Debug|Any CPU
		Release|Any CPU = Release|Any CPU
	EndGlobalSection
	GlobalSection(ProjectConfigurationPlatforms) = postSolution
		{31951EBD-5F78-4B39-A08B-843995F518C3}.Debug|Any CPU.ActiveCfg = Debug|Any CPU
		{31951EBD-5F78-4B39-A08B-843995F518C3}.Debug|Any CPU.Build.0 = Debug|Any CPU
		{31951EBD-5F78-4B39-A08B-843995F518C3}.Release|Any CPU.ActiveCfg = Release|Any CPU
		{31951EBD-5F78-4B39-A08B-843995F518C3}.Release|Any CPU.Build.0 = Release|Any CPU
	EndGlobalSection
	GlobalSection(SolutionProperties) = preSolution
		HideSolutionNode = FALSE
	EndGlobalSection
	GlobalSection(ExtensibilityGlobals) = postSolution
		SolutionGuid = {A10A8619-F2E5-46A7-A343-DEBA2B2FC28D}
	EndGlobalSection
EndGlobal
