
Microsoft Visual Studio Solution File, Format Version 12.00
# Visual Studio 15
VisualStudioVersion = 15.0.28307.757
MinimumVisualStudioVersion = 10.0.40219.1
Project("{FAE04EC0-301F-11D3-BF4B-00C04F79EFBC}") = "Loop", "Loop\Loop.csproj", "{8356E16A-0C17-4A61-AAA9-28197CAEC13C}"
EndProject
Global
	GlobalSection(SolutionConfigurationPlatforms) = preSolution
		Debug|Any CPU = Debug|Any CPU
		Release|Any CPU = Release|Any CPU
	EndGlobalSection
	GlobalSection(ProjectConfigurationPlatforms) = postSolution
		{8356E16A-0C17-4A61-AAA9-28197CAEC13C}.Debug|Any CPU.ActiveCfg = Debug|Any CPU
		{8356E16A-0C17-4A61-AAA9-28197CAEC13C}.Debug|Any CPU.Build.0 = Debug|Any CPU
		{8356E16A-0C17-4A61-AAA9-28197CAEC13C}.Release|Any CPU.ActiveCfg = Release|Any CPU
		{8356E16A-0C17-4A61-AAA9-28197CAEC13C}.Release|Any CPU.Build.0 = Release|Any CPU
	EndGlobalSection
	GlobalSection(SolutionProperties) = preSolution
		HideSolutionNode = FALSE
	EndGlobalSection
	GlobalSection(ExtensibilityGlobals) = postSolution
		SolutionGuid = {419C57F4-2646-4089-8CE6-061A3F45A938}
	EndGlobalSection
EndGlobal
