
Microsoft Visual Studio Solution File, Format Version 12.00
# Visual Studio 15
VisualStudioVersion = 15.0.28307.757
MinimumVisualStudioVersion = 10.0.40219.1
Project("{FAE04EC0-301F-11D3-BF4B-00C04F79EFBC}") = "Button", "Button\Button.csproj", "{74313352-3CD7-411C-A22E-9DE4C9EF8FDE}"
EndProject
Project("{FAE04EC0-301F-11D3-BF4B-00C04F79EFBC}") = "HotKey", "HotKey\HotKey.csproj", "{42F187CF-1B0A-48C5-B24E-C84ECCC0058C}"
EndProject
Global
	GlobalSection(SolutionConfigurationPlatforms) = preSolution
		Debug|Any CPU = Debug|Any CPU
		Release|Any CPU = Release|Any CPU
	EndGlobalSection
	GlobalSection(ProjectConfigurationPlatforms) = postSolution
		{74313352-3CD7-411C-A22E-9DE4C9EF8FDE}.Debug|Any CPU.ActiveCfg = Debug|Any CPU
		{74313352-3CD7-411C-A22E-9DE4C9EF8FDE}.Debug|Any CPU.Build.0 = Debug|Any CPU
		{74313352-3CD7-411C-A22E-9DE4C9EF8FDE}.Release|Any CPU.ActiveCfg = Release|Any CPU
		{74313352-3CD7-411C-A22E-9DE4C9EF8FDE}.Release|Any CPU.Build.0 = Release|Any CPU
		{42F187CF-1B0A-48C5-B24E-C84ECCC0058C}.Debug|Any CPU.ActiveCfg = Debug|Any CPU
		{42F187CF-1B0A-48C5-B24E-C84ECCC0058C}.Debug|Any CPU.Build.0 = Debug|Any CPU
		{42F187CF-1B0A-48C5-B24E-C84ECCC0058C}.Release|Any CPU.ActiveCfg = Release|Any CPU
		{42F187CF-1B0A-48C5-B24E-C84ECCC0058C}.Release|Any CPU.Build.0 = Release|Any CPU
	EndGlobalSection
	GlobalSection(SolutionProperties) = preSolution
		HideSolutionNode = FALSE
	EndGlobalSection
	GlobalSection(ExtensibilityGlobals) = postSolution
		SolutionGuid = {859D5BF3-C8C4-420F-ABD6-DF1A3036A03C}
	EndGlobalSection
EndGlobal
