
Microsoft Visual Studio Solution File, Format Version 12.00
# Visual Studio 15
VisualStudioVersion = 15.0.28307.757
MinimumVisualStudioVersion = 10.0.40219.1
Project("{FAE04EC0-301F-11D3-BF4B-00C04F79EFBC}") = "Interface", "Interface\Interface.csproj", "{2F38F7D0-DCD1-4DCB-A3D8-11E48DA1F5D3}"
EndProject
Project("{FAE04EC0-301F-11D3-BF4B-00C04F79EFBC}") = "DependenceInjection", "DependenceInjection\DependenceInjection.csproj", "{7F1C7592-C2F9-45DA-B20D-40ADB7C718A8}"
EndProject
Project("{2150E333-8FDC-42A3-9474-1A3956D46DE8}") = "1.Interface", "1.Interface", "{69BEDF1E-6AAF-4A26-A111-525F498E9965}"
EndProject
Project("{2150E333-8FDC-42A3-9474-1A3956D46DE8}") = "2.InterfaceImplement", "2.InterfaceImplement", "{FB454100-3850-433C-9621-246016D70F8A}"
EndProject
Project("{2150E333-8FDC-42A3-9474-1A3956D46DE8}") = "4.MultiInterface", "4.MultiInterface", "{051866F0-282A-4C76-AA25-8A9580320C41}"
EndProject
Project("{2150E333-8FDC-42A3-9474-1A3956D46DE8}") = "5.InterfaceInheritance", "5.InterfaceInheritance", "{D03CB174-A6B1-465F-AED2-D3245DBC1D85}"
EndProject
Project("{2150E333-8FDC-42A3-9474-1A3956D46DE8}") = "6.DependenceInjection", "6.DependenceInjection", "{9DA85B00-C25D-43EC-9C78-21F334206651}"
EndProject
Project("{FAE04EC0-301F-11D3-BF4B-00C04F79EFBC}") = "InterfaceImplement", "InterfaceImplement\InterfaceImplement.csproj", "{EF5B967B-7405-4B88-BCA1-858FACE74095}"
EndProject
Project("{FAE04EC0-301F-11D3-BF4B-00C04F79EFBC}") = "MultiInterface", "MultiInterface\MultiInterface.csproj", "{AFE0B502-1548-4517-86CD-0BCAF8FAC48D}"
EndProject
Project("{FAE04EC0-301F-11D3-BF4B-00C04F79EFBC}") = "InterfaceInheritance", "InterfaceInheritance\InterfaceInheritance.csproj", "{D6B8D7A6-6230-4704-9AE0-3ADF5A7CDF27}"
EndProject
Project("{2150E333-8FDC-42A3-9474-1A3956D46DE8}") = "3.InterfaceOriented", "3.InterfaceOriented", "{E5A7D3AD-A2E2-4D35-AD3C-D3BAF9EA9950}"
EndProject
Project("{FAE04EC0-301F-11D3-BF4B-00C04F79EFBC}") = "InterfaceOriented", "InterfaceOriented\InterfaceOriented.csproj", "{69A35503-F5F7-4A95-AC82-CDFF8B011D62}"
EndProject
Global
	GlobalSection(SolutionConfigurationPlatforms) = preSolution
		Debug|Any CPU = Debug|Any CPU
		Release|Any CPU = Release|Any CPU
	EndGlobalSection
	GlobalSection(ProjectConfigurationPlatforms) = postSolution
		{2F38F7D0-DCD1-4DCB-A3D8-11E48DA1F5D3}.Debug|Any CPU.ActiveCfg = Debug|Any CPU
		{2F38F7D0-DCD1-4DCB-A3D8-11E48DA1F5D3}.Debug|Any CPU.Build.0 = Debug|Any CPU
		{2F38F7D0-DCD1-4DCB-A3D8-11E48DA1F5D3}.Release|Any CPU.ActiveCfg = Release|Any CPU
		{2F38F7D0-DCD1-4DCB-A3D8-11E48DA1F5D3}.Release|Any CPU.Build.0 = Release|Any CPU
		{7F1C7592-C2F9-45DA-B20D-40ADB7C718A8}.Debug|Any CPU.ActiveCfg = Debug|Any CPU
		{7F1C7592-C2F9-45DA-B20D-40ADB7C718A8}.Debug|Any CPU.Build.0 = Debug|Any CPU
		{7F1C7592-C2F9-45DA-B20D-40ADB7C718A8}.Release|Any CPU.ActiveCfg = Release|Any CPU
		{7F1C7592-C2F9-45DA-B20D-40ADB7C718A8}.Release|Any CPU.Build.0 = Release|Any CPU
		{EF5B967B-7405-4B88-BCA1-858FACE74095}.Debug|Any CPU.ActiveCfg = Debug|Any CPU
		{EF5B967B-7405-4B88-BCA1-858FACE74095}.Debug|Any CPU.Build.0 = Debug|Any CPU
		{EF5B967B-7405-4B88-BCA1-858FACE74095}.Release|Any CPU.ActiveCfg = Release|Any CPU
		{EF5B967B-7405-4B88-BCA1-858FACE74095}.Release|Any CPU.Build.0 = Release|Any CPU
		{AFE0B502-1548-4517-86CD-0BCAF8FAC48D}.Debug|Any CPU.ActiveCfg = Debug|Any CPU
		{AFE0B502-1548-4517-86CD-0BCAF8FAC48D}.Debug|Any CPU.Build.0 = Debug|Any CPU
		{AFE0B502-1548-4517-86CD-0BCAF8FAC48D}.Release|Any CPU.ActiveCfg = Release|Any CPU
		{AFE0B502-1548-4517-86CD-0BCAF8FAC48D}.Release|Any CPU.Build.0 = Release|Any CPU
		{D6B8D7A6-6230-4704-9AE0-3ADF5A7CDF27}.Debug|Any CPU.ActiveCfg = Debug|Any CPU
		{D6B8D7A6-6230-4704-9AE0-3ADF5A7CDF27}.Debug|Any CPU.Build.0 = Debug|Any CPU
		{D6B8D7A6-6230-4704-9AE0-3ADF5A7CDF27}.Release|Any CPU.ActiveCfg = Release|Any CPU
		{D6B8D7A6-6230-4704-9AE0-3ADF5A7CDF27}.Release|Any CPU.Build.0 = Release|Any CPU
		{69A35503-F5F7-4A95-AC82-CDFF8B011D62}.Debug|Any CPU.ActiveCfg = Debug|Any CPU
		{69A35503-F5F7-4A95-AC82-CDFF8B011D62}.Debug|Any CPU.Build.0 = Debug|Any CPU
		{69A35503-F5F7-4A95-AC82-CDFF8B011D62}.Release|Any CPU.ActiveCfg = Release|Any CPU
		{69A35503-F5F7-4A95-AC82-CDFF8B011D62}.Release|Any CPU.Build.0 = Release|Any CPU
	EndGlobalSection
	GlobalSection(SolutionProperties) = preSolution
		HideSolutionNode = FALSE
	EndGlobalSection
	GlobalSection(NestedProjects) = preSolution
		{2F38F7D0-DCD1-4DCB-A3D8-11E48DA1F5D3} = {69BEDF1E-6AAF-4A26-A111-525F498E9965}
		{7F1C7592-C2F9-45DA-B20D-40ADB7C718A8} = {9DA85B00-C25D-43EC-9C78-21F334206651}
		{EF5B967B-7405-4B88-BCA1-858FACE74095} = {FB454100-3850-433C-9621-246016D70F8A}
		{AFE0B502-1548-4517-86CD-0BCAF8FAC48D} = {051866F0-282A-4C76-AA25-8A9580320C41}
		{D6B8D7A6-6230-4704-9AE0-3ADF5A7CDF27} = {D03CB174-A6B1-465F-AED2-D3245DBC1D85}
		{69A35503-F5F7-4A95-AC82-CDFF8B011D62} = {E5A7D3AD-A2E2-4D35-AD3C-D3BAF9EA9950}
	EndGlobalSection
	GlobalSection(ExtensibilityGlobals) = postSolution
		SolutionGuid = {8961F56E-A025-41DE-B0CC-A5B65F70F92C}
	EndGlobalSection
EndGlobal
