
Microsoft Visual Studio Solution File, Format Version 12.00
# Visual Studio 15
VisualStudioVersion = 15.0.28307.757
MinimumVisualStudioVersion = 10.0.40219.1
Project("{FAE04EC0-301F-11D3-BF4B-00C04F79EFBC}") = "HashSet", "HashSet\HashSet.csproj", "{F4825DBC-A1F9-475C-9CAE-F42304EF92CE}"
EndProject
Global
	GlobalSection(SolutionConfigurationPlatforms) = preSolution
		Debug|Any CPU = Debug|Any CPU
		Release|Any CPU = Release|Any CPU
	EndGlobalSection
	GlobalSection(ProjectConfigurationPlatforms) = postSolution
		{F4825DBC-A1F9-475C-9CAE-F42304EF92CE}.Debug|Any CPU.ActiveCfg = Debug|Any CPU
		{F4825DBC-A1F9-475C-9CAE-F42304EF92CE}.Debug|Any CPU.Build.0 = Debug|Any CPU
		{F4825DBC-A1F9-475C-9CAE-F42304EF92CE}.Release|Any CPU.ActiveCfg = Release|Any CPU
		{F4825DBC-A1F9-475C-9CAE-F42304EF92CE}.Release|Any CPU.Build.0 = Release|Any CPU
	EndGlobalSection
	GlobalSection(SolutionProperties) = preSolution
		HideSolutionNode = FALSE
	EndGlobalSection
	GlobalSection(ExtensibilityGlobals) = postSolution
		SolutionGuid = {935BF87D-AEB5-45FF-9C13-BCD0FE8406FD}
	EndGlobalSection
EndGlobal
