
Microsoft Visual Studio Solution File, Format Version 12.00
# Visual Studio 15
VisualStudioVersion = 15.0.28307.757
MinimumVisualStudioVersion = 10.0.40219.1
Project("{FAE04EC0-301F-11D3-BF4B-00C04F79EFBC}") = "Variable", "Variable\Variable.csproj", "{94E4FF3A-032D-448C-8A56-237ED95214FB}"
EndProject
Global
	GlobalSection(SolutionConfigurationPlatforms) = preSolution
		Debug|Any CPU = Debug|Any CPU
		Release|Any CPU = Release|Any CPU
	EndGlobalSection
	GlobalSection(ProjectConfigurationPlatforms) = postSolution
		{94E4FF3A-032D-448C-8A56-237ED95214FB}.Debug|Any CPU.ActiveCfg = Debug|Any CPU
		{94E4FF3A-032D-448C-8A56-237ED95214FB}.Debug|Any CPU.Build.0 = Debug|Any CPU
		{94E4FF3A-032D-448C-8A56-237ED95214FB}.Release|Any CPU.ActiveCfg = Release|Any CPU
		{94E4FF3A-032D-448C-8A56-237ED95214FB}.Release|Any CPU.Build.0 = Release|Any CPU
	EndGlobalSection
	GlobalSection(SolutionProperties) = preSolution
		HideSolutionNode = FALSE
	EndGlobalSection
	GlobalSection(ExtensibilityGlobals) = postSolution
		SolutionGuid = {FF23A413-6E03-4B59-8625-3A940C6F7FF6}
	EndGlobalSection
EndGlobal
