
Microsoft Visual Studio Solution File, Format Version 12.00
# Visual Studio 15
VisualStudioVersion = 15.0.28307.757
MinimumVisualStudioVersion = 10.0.40219.1
Project("{FAE04EC0-301F-11D3-BF4B-00C04F79EFBC}") = "GenericClass", "GenericClass\GenericClass.csproj", "{DAF1A833-A415-47B8-984D-39DBF3B4760F}"
EndProject
Global
	GlobalSection(SolutionConfigurationPlatforms) = preSolution
		Debug|Any CPU = Debug|Any CPU
		Release|Any CPU = Release|Any CPU
	EndGlobalSection
	GlobalSection(ProjectConfigurationPlatforms) = postSolution
		{DAF1A833-A415-47B8-984D-39DBF3B4760F}.Debug|Any CPU.ActiveCfg = Debug|Any CPU
		{DAF1A833-A415-47B8-984D-39DBF3B4760F}.Debug|Any CPU.Build.0 = Debug|Any CPU
		{DAF1A833-A415-47B8-984D-39DBF3B4760F}.Release|Any CPU.ActiveCfg = Release|Any CPU
		{DAF1A833-A415-47B8-984D-39DBF3B4760F}.Release|Any CPU.Build.0 = Release|Any CPU
	EndGlobalSection
	GlobalSection(SolutionProperties) = preSolution
		HideSolutionNode = FALSE
	EndGlobalSection
	GlobalSection(ExtensibilityGlobals) = postSolution
		SolutionGuid = {8BFEB1EA-9D09-42C4-B30C-98352300A024}
	EndGlobalSection
EndGlobal
