
Microsoft Visual Studio Solution File, Format Version 12.00
# Visual Studio 15
VisualStudioVersion = 15.0.28307.757
MinimumVisualStudioVersion = 10.0.40219.1
Project("{FAE04EC0-301F-11D3-BF4B-00C04F79EFBC}") = "SingletonPattern", "SingletonPattern\SingletonPattern.csproj", "{FF55DF36-1428-4AB8-84A0-9400AD478097}"
EndProject
Project("{FAE04EC0-301F-11D3-BF4B-00C04F79EFBC}") = "ThreadSafe", "ThreadSafe\ThreadSafe.csproj", "{CD5353E8-88D5-46BA-9577-64490C5569CC}"
EndProject
Global
	GlobalSection(SolutionConfigurationPlatforms) = preSolution
		Debug|Any CPU = Debug|Any CPU
		Release|Any CPU = Release|Any CPU
	EndGlobalSection
	GlobalSection(ProjectConfigurationPlatforms) = postSolution
		{FF55DF36-1428-4AB8-84A0-9400AD478097}.Debug|Any CPU.ActiveCfg = Debug|Any CPU
		{FF55DF36-1428-4AB8-84A0-9400AD478097}.Debug|Any CPU.Build.0 = Debug|Any CPU
		{FF55DF36-1428-4AB8-84A0-9400AD478097}.Release|Any CPU.ActiveCfg = Release|Any CPU
		{FF55DF36-1428-4AB8-84A0-9400AD478097}.Release|Any CPU.Build.0 = Release|Any CPU
		{CD5353E8-88D5-46BA-9577-64490C5569CC}.Debug|Any CPU.ActiveCfg = Debug|Any CPU
		{CD5353E8-88D5-46BA-9577-64490C5569CC}.Debug|Any CPU.Build.0 = Debug|Any CPU
		{CD5353E8-88D5-46BA-9577-64490C5569CC}.Release|Any CPU.ActiveCfg = Release|Any CPU
		{CD5353E8-88D5-46BA-9577-64490C5569CC}.Release|Any CPU.Build.0 = Release|Any CPU
	EndGlobalSection
	GlobalSection(SolutionProperties) = preSolution
		HideSolutionNode = FALSE
	EndGlobalSection
	GlobalSection(ExtensibilityGlobals) = postSolution
		SolutionGuid = {85245ED6-C358-43DF-B14A-CB9B029A88C0}
	EndGlobalSection
EndGlobal
