
Microsoft Visual Studio Solution File, Format Version 12.00
# Visual Studio 15
VisualStudioVersion = 15.0.28307.757
MinimumVisualStudioVersion = 10.0.40219.1
Project("{FAE04EC0-301F-11D3-BF4B-00C04F79EFBC}") = "Method", "Method\Method.csproj", "{51FAEA4E-C996-44E1-A802-453D8361C1FA}"
EndProject
Project("{2150E333-8FDC-42A3-9474-1A3956D46DE8}") = "1.2.3.2.Encapsulation", "1.2.3.2.Encapsulation", "{4BC2C51B-947B-4998-9B8C-1A0D6F89FF41}"
EndProject
Project("{2150E333-8FDC-42A3-9474-1A3956D46DE8}") = "1.2.3.1.Method", "1.2.3.1.Method", "{FAAB37B4-BE8A-4BE8-A975-E8CD32E8FAE6}"
EndProject
Project("{FAE04EC0-301F-11D3-BF4B-00C04F79EFBC}") = "Encapsulation", "Encapsulation\Encapsulation.csproj", "{7D6C9186-1537-4731-9014-9BAADC82D7B0}"
EndProject
Project("{2150E333-8FDC-42A3-9474-1A3956D46DE8}") = "1.2.3.3.OverLoad", "1.2.3.3.OverLoad", "{831867F0-5CF6-4261-A9CF-544B960BB52D}"
EndProject
Project("{FAE04EC0-301F-11D3-BF4B-00C04F79EFBC}") = "OverLoad", "OverLoad\OverLoad.csproj", "{E3026000-F45C-4AAB-868B-9CBBF2455762}"
EndProject
Global
	GlobalSection(SolutionConfigurationPlatforms) = preSolution
		Debug|Any CPU = Debug|Any CPU
		Release|Any CPU = Release|Any CPU
	EndGlobalSection
	GlobalSection(ProjectConfigurationPlatforms) = postSolution
		{51FAEA4E-C996-44E1-A802-453D8361C1FA}.Debug|Any CPU.ActiveCfg = Debug|Any CPU
		{51FAEA4E-C996-44E1-A802-453D8361C1FA}.Debug|Any CPU.Build.0 = Debug|Any CPU
		{51FAEA4E-C996-44E1-A802-453D8361C1FA}.Release|Any CPU.ActiveCfg = Release|Any CPU
		{51FAEA4E-C996-44E1-A802-453D8361C1FA}.Release|Any CPU.Build.0 = Release|Any CPU
		{7D6C9186-1537-4731-9014-9BAADC82D7B0}.Debug|Any CPU.ActiveCfg = Debug|Any CPU
		{7D6C9186-1537-4731-9014-9BAADC82D7B0}.Debug|Any CPU.Build.0 = Debug|Any CPU
		{7D6C9186-1537-4731-9014-9BAADC82D7B0}.Release|Any CPU.ActiveCfg = Release|Any CPU
		{7D6C9186-1537-4731-9014-9BAADC82D7B0}.Release|Any CPU.Build.0 = Release|Any CPU
		{E3026000-F45C-4AAB-868B-9CBBF2455762}.Debug|Any CPU.ActiveCfg = Debug|Any CPU
		{E3026000-F45C-4AAB-868B-9CBBF2455762}.Debug|Any CPU.Build.0 = Debug|Any CPU
		{E3026000-F45C-4AAB-868B-9CBBF2455762}.Release|Any CPU.ActiveCfg = Release|Any CPU
		{E3026000-F45C-4AAB-868B-9CBBF2455762}.Release|Any CPU.Build.0 = Release|Any CPU
	EndGlobalSection
	GlobalSection(SolutionProperties) = preSolution
		HideSolutionNode = FALSE
	EndGlobalSection
	GlobalSection(NestedProjects) = preSolution
		{51FAEA4E-C996-44E1-A802-453D8361C1FA} = {FAAB37B4-BE8A-4BE8-A975-E8CD32E8FAE6}
		{7D6C9186-1537-4731-9014-9BAADC82D7B0} = {4BC2C51B-947B-4998-9B8C-1A0D6F89FF41}
		{E3026000-F45C-4AAB-868B-9CBBF2455762} = {831867F0-5CF6-4261-A9CF-544B960BB52D}
	EndGlobalSection
	GlobalSection(ExtensibilityGlobals) = postSolution
		SolutionGuid = {350548C8-E29A-4C48-8A9E-5F0656A5CC87}
	EndGlobalSection
EndGlobal
