
Microsoft Visual Studio Solution File, Format Version 12.00
# Visual Studio 15
VisualStudioVersion = 15.0.28307.757
MinimumVisualStudioVersion = 10.0.40219.1
Project("{FAE04EC0-301F-11D3-BF4B-00C04F79EFBC}") = "PartialClass", "PartialClass\PartialClass.csproj", "{51FAEA4E-C996-44E1-A802-453D8361C1FA}"
EndProject
Global
	GlobalSection(SolutionConfigurationPlatforms) = preSolution
		Debug|Any CPU = Debug|Any CPU
		Release|Any CPU = Release|Any CPU
	EndGlobalSection
	GlobalSection(ProjectConfigurationPlatforms) = postSolution
		{51FAEA4E-C996-44E1-A802-453D8361C1FA}.Debug|Any CPU.ActiveCfg = Debug|Any CPU
		{51FAEA4E-C996-44E1-A802-453D8361C1FA}.Debug|Any CPU.Build.0 = Debug|Any CPU
		{51FAEA4E-C996-44E1-A802-453D8361C1FA}.Release|Any CPU.ActiveCfg = Release|Any CPU
		{51FAEA4E-C996-44E1-A802-453D8361C1FA}.Release|Any CPU.Build.0 = Release|Any CPU
	EndGlobalSection
	GlobalSection(SolutionProperties) = preSolution
		HideSolutionNode = FALSE
	EndGlobalSection
	GlobalSection(ExtensibilityGlobals) = postSolution
		SolutionGuid = {37BB070B-71C0-434C-BA15-E7539A83E0B7}
	EndGlobalSection
EndGlobal
