
Microsoft Visual Studio Solution File, Format Version 12.00
# Visual Studio 15
VisualStudioVersion = 15.0.28307.757
MinimumVisualStudioVersion = 10.0.40219.1
Project("{FAE04EC0-301F-11D3-BF4B-00C04F79EFBC}") = "HelloWorld", "HelloWorld\HelloWorld.csproj", "{1BBD5B63-FE3E-4AFE-839D-1ABE12B4F65C}"
EndProject
Global
	GlobalSection(SolutionConfigurationPlatforms) = preSolution
		Debug|Any CPU = Debug|Any CPU
		Release|Any CPU = Release|Any CPU
	EndGlobalSection
	GlobalSection(ProjectConfigurationPlatforms) = postSolution
		{1BBD5B63-FE3E-4AFE-839D-1ABE12B4F65C}.Debug|Any CPU.ActiveCfg = Debug|Any CPU
		{1BBD5B63-FE3E-4AFE-839D-1ABE12B4F65C}.Debug|Any CPU.Build.0 = Debug|Any CPU
		{1BBD5B63-FE3E-4AFE-839D-1ABE12B4F65C}.Release|Any CPU.ActiveCfg = Release|Any CPU
		{1BBD5B63-FE3E-4AFE-839D-1ABE12B4F65C}.Release|Any CPU.Build.0 = Release|Any CPU
	EndGlobalSection
	GlobalSection(SolutionProperties) = preSolution
		HideSolutionNode = FALSE
	EndGlobalSection
	GlobalSection(ExtensibilityGlobals) = postSolution
		SolutionGuid = {74827A6E-22BF-49F6-BE40-FE5768BA828A}
	EndGlobalSection
EndGlobal
