
Microsoft Visual Studio Solution File, Format Version 12.00
# Visual Studio 15
VisualStudioVersion = 15.0.28307.757
MinimumVisualStudioVersion = 10.0.40219.1
Project("{FAE04EC0-301F-11D3-BF4B-00C04F79EFBC}") = "ComparisonOperator", "ComparisonOperator\ComparisonOperator.csproj", "{0F9EE884-6E5F-4030-843A-78B3235EC57F}"
EndProject
Project("{FAE04EC0-301F-11D3-BF4B-00C04F79EFBC}") = "ArithmeticOperator", "ArithmeticOperator\ArithmeticOperator.csproj", "{6C7E2B09-B4FF-4D7A-B926-F411496CCF03}"
EndProject
Project("{FAE04EC0-301F-11D3-BF4B-00C04F79EFBC}") = "IndexOperator", "IndexOperator\IndexOperator.csproj", "{8BA8D51D-4C49-4BF7-AEBB-1690313FA8AA}"
EndProject
Global
	GlobalSection(SolutionConfigurationPlatforms) = preSolution
		Debug|Any CPU = Debug|Any CPU
		Release|Any CPU = Release|Any CPU
	EndGlobalSection
	GlobalSection(ProjectConfigurationPlatforms) = postSolution
		{0F9EE884-6E5F-4030-843A-78B3235EC57F}.Debug|Any CPU.ActiveCfg = Debug|Any CPU
		{0F9EE884-6E5F-4030-843A-78B3235EC57F}.Debug|Any CPU.Build.0 = Debug|Any CPU
		{0F9EE884-6E5F-4030-843A-78B3235EC57F}.Release|Any CPU.ActiveCfg = Release|Any CPU
		{0F9EE884-6E5F-4030-843A-78B3235EC57F}.Release|Any CPU.Build.0 = Release|Any CPU
		{6C7E2B09-B4FF-4D7A-B926-F411496CCF03}.Debug|Any CPU.ActiveCfg = Debug|Any CPU
		{6C7E2B09-B4FF-4D7A-B926-F411496CCF03}.Debug|Any CPU.Build.0 = Debug|Any CPU
		{6C7E2B09-B4FF-4D7A-B926-F411496CCF03}.Release|Any CPU.ActiveCfg = Release|Any CPU
		{6C7E2B09-B4FF-4D7A-B926-F411496CCF03}.Release|Any CPU.Build.0 = Release|Any CPU
		{8BA8D51D-4C49-4BF7-AEBB-1690313FA8AA}.Debug|Any CPU.ActiveCfg = Debug|Any CPU
		{8BA8D51D-4C49-4BF7-AEBB-1690313FA8AA}.Debug|Any CPU.Build.0 = Debug|Any CPU
		{8BA8D51D-4C49-4BF7-AEBB-1690313FA8AA}.Release|Any CPU.ActiveCfg = Release|Any CPU
		{8BA8D51D-4C49-4BF7-AEBB-1690313FA8AA}.Release|Any CPU.Build.0 = Release|Any CPU
	EndGlobalSection
	GlobalSection(SolutionProperties) = preSolution
		HideSolutionNode = FALSE
	EndGlobalSection
	GlobalSection(ExtensibilityGlobals) = postSolution
		SolutionGuid = {1FE1A041-121E-4EE5-ABC6-69683B781956}
	EndGlobalSection
EndGlobal
