
Microsoft Visual Studio Solution File, Format Version 12.00
# Visual Studio 15
VisualStudioVersion = 15.0.28307.757
MinimumVisualStudioVersion = 10.0.40219.1
Project("{FAE04EC0-301F-11D3-BF4B-00C04F79EFBC}") = "Exception", "Exception\Exception.csproj", "{EB3BC814-189E-4335-BECE-A37761F42200}"
EndProject
Global
	GlobalSection(SolutionConfigurationPlatforms) = preSolution
		Debug|Any CPU = Debug|Any CPU
		Release|Any CPU = Release|Any CPU
	EndGlobalSection
	GlobalSection(ProjectConfigurationPlatforms) = postSolution
		{EB3BC814-189E-4335-BECE-A37761F42200}.Debug|Any CPU.ActiveCfg = Debug|Any CPU
		{EB3BC814-189E-4335-BECE-A37761F42200}.Debug|Any CPU.Build.0 = Debug|Any CPU
		{EB3BC814-189E-4335-BECE-A37761F42200}.Release|Any CPU.ActiveCfg = Release|Any CPU
		{EB3BC814-189E-4335-BECE-A37761F42200}.Release|Any CPU.Build.0 = Release|Any CPU
	EndGlobalSection
	GlobalSection(SolutionProperties) = preSolution
		HideSolutionNode = FALSE
	EndGlobalSection
	GlobalSection(ExtensibilityGlobals) = postSolution
		SolutionGuid = {BFA2E344-EA48-48B2-AD9D-911B3E18E8DC}
	EndGlobalSection
EndGlobal
