
Microsoft Visual Studio Solution File, Format Version 12.00
# Visual Studio 15
VisualStudioVersion = 15.0.28307.757
MinimumVisualStudioVersion = 10.0.40219.1
Project("{FAE04EC0-301F-11D3-BF4B-00C04F79EFBC}") = "CommandPattern", "CommandPattern\CommandPattern.csproj", "{0B649DF6-B109-47DA-8D31-C39F222F0BDD}"
EndProject
Global
	GlobalSection(SolutionConfigurationPlatforms) = preSolution
		Debug|Any CPU = Debug|Any CPU
		Release|Any CPU = Release|Any CPU
	EndGlobalSection
	GlobalSection(ProjectConfigurationPlatforms) = postSolution
		{0B649DF6-B109-47DA-8D31-C39F222F0BDD}.Debug|Any CPU.ActiveCfg = Debug|Any CPU
		{0B649DF6-B109-47DA-8D31-C39F222F0BDD}.Debug|Any CPU.Build.0 = Debug|Any CPU
		{0B649DF6-B109-47DA-8D31-C39F222F0BDD}.Release|Any CPU.ActiveCfg = Release|Any CPU
		{0B649DF6-B109-47DA-8D31-C39F222F0BDD}.Release|Any CPU.Build.0 = Release|Any CPU
	EndGlobalSection
	GlobalSection(SolutionProperties) = preSolution
		HideSolutionNode = FALSE
	EndGlobalSection
	GlobalSection(ExtensibilityGlobals) = postSolution
		SolutionGuid = {FCEB483A-3B87-48F3-B6A7-759F704D5FF8}
	EndGlobalSection
EndGlobal
